
Microsoft Visual Studio Solution File, Format Version 12.00
# Visual Studio Version 17
VisualStudioVersion = 17.4.33403.182
MinimumVisualStudioVersion = 10.0.40219.1
Project("{FAE04EC0-301F-11D3-BF4B-00C04F79EFBC}") = "ConsoleApp1", "ConsoleApp1.csproj", "{771B5CD0-708F-436D-98BC-6D36D362262B}"
EndProject
Global
	GlobalSection(SolutionConfigurationPlatforms) = preSolution
		Debug|Any CPU = Debug|Any CPU
		Release|Any CPU = Release|Any CPU
	EndGlobalSection
	GlobalSection(ProjectConfigurationPlatforms) = postSolution
		{771B5CD0-708F-436D-98BC-6D36D362262B}.Debug|Any CPU.ActiveCfg = Debug|Any CPU
		{771B5CD0-708F-436D-98BC-6D36D362262B}.Debug|Any CPU.Build.0 = Debug|Any CPU
		{771B5CD0-708F-436D-98BC-6D36D362262B}.Release|Any CPU.ActiveCfg = Release|Any CPU
		{771B5CD0-708F-436D-98BC-6D36D362262B}.Release|Any CPU.Build.0 = Release|Any CPU
	EndGlobalSection
	GlobalSection(SolutionProperties) = preSolution
		HideSolutionNode = FALSE
	EndGlobalSection
	GlobalSection(ExtensibilityGlobals) = postSolution
		SolutionGuid = {749ECF37-BB45-45C4-98DF-13D82AAEC901}
	EndGlobalSection
EndGlobal
